
Microsoft Visual Studio Solution File, Format Version 12.00
# Visual Studio 15
VisualStudioVersion = 15.0.27703.2000
MinimumVisualStudioVersion = 10.0.40219.1
Project("{FAE04EC0-301F-11D3-BF4B-00C04F79EFBC}") = "SkeletSharp", "SkeletSharp.csproj", "{EE73A059-52E2-4E50-B9EB-115C9A0A4AF6}"
EndProject
Project("{FAE04EC0-301F-11D3-BF4B-00C04F79EFBC}") = "SkeletSharp.Tests", "SkeletSharp.Tests\SkeletSharp.Tests.csproj", "{5C8EC3A6-AD19-4F8D-8883-65453D4F84AD}"
EndProject
Global
	GlobalSection(SolutionConfigurationPlatforms) = preSolution
		Debug|Any CPU = Debug|Any CPU
		Debug|x86 = Debug|x86
		Debug|x64 = Debug|x64
		Release|Any CPU = Release|Any CPU
		Release|x86 = Release|x86
		Release|x64 = Release|x64
	EndGlobalSection
	GlobalSection(ProjectConfigurationPlatforms) = postSolution
		{EE73A059-52E2-4E50-B9EB-115C9A0A4AF6}.Debug|Any CPU.ActiveCfg = Debug|Any CPU
		{EE73A059-52E2-4E50-B9EB-115C9A0A4AF6}.Debug|Any CPU.Build.0 = Debug|Any CPU
		{EE73A059-52E2-4E50-B9EB-115C9A0A4AF6}.Debug|x86.ActiveCfg = Debug|Any CPU
		{EE73A059-52E2-4E50-B9EB-115C9A0A4AF6}.Debug|x86.Build.0 = Debug|Any CPU
		{EE73A059-52E2-4E50-B9EB-115C9A0A4AF6}.Debug|x64.ActiveCfg = Debug|Any CPU
		{EE73A059-52E2-4E50-B9EB-115C9A0A4AF6}.Debug|x64.Build.0 = Debug|Any CPU
		{EE73A059-52E2-4E50-B9EB-115C9A0A4AF6}.Release|Any CPU.ActiveCfg = Release|Any CPU
		{EE73A059-52E2-4E50-B9EB-115C9A0A4AF6}.Release|Any CPU.Build.0 = Release|Any CPU
		{EE73A059-52E2-4E50-B9EB-115C9A0A4AF6}.Release|x86.ActiveCfg = Release|Any CPU
		{EE73A059-52E2-4E50-B9EB-115C9A0A4AF6}.Release|x86.Build.0 = Release|Any CPU
		{EE73A059-52E2-4E50-B9EB-115C9A0A4AF6}.Release|x64.ActiveCfg = Release|Any CPU
		{EE73A059-52E2-4E50-B9EB-115C9A0A4AF6}.Release|x64.Build.0 = Release|Any CPU
		{5C8EC3A6-AD19-4F8D-8883-65453D4F84AD}.Debug|Any CPU.ActiveCfg = Debug|Any CPU
		{5C8EC3A6-AD19-4F8D-8883-65453D4F84AD}.Debug|Any CPU.Build.0 = Debug|Any CPU
		{5C8EC3A6-AD19-4F8D-8883-65453D4F84AD}.Debug|x86.ActiveCfg = Debug|Any CPU
		{5C8EC3A6-AD19-4F8D-8883-65453D4F84AD}.Debug|x86.Build.0 = Debug|Any CPU
		{5C8EC3A6-AD19-4F8D-8883-65453D4F84AD}.Debug|x64.ActiveCfg = Debug|Any CPU
		{5C8EC3A6-AD19-4F8D-8883-65453D4F84AD}.Debug|x64.Build.0 = Debug|Any CPU
		{5C8EC3A6-AD19-4F8D-8883-65453D4F84AD}.Release|Any CPU.ActiveCfg = Release|Any CPU
		{5C8EC3A6-AD19-4F8D-8883-65453D4F84AD}.Release|Any CPU.Build.0 = Release|Any CPU
		{5C8EC3A6-AD19-4F8D-8883-65453D4F84AD}.Release|x86.ActiveCfg = Release|Any CPU
		{5C8EC3A6-AD19-4F8D-8883-65453D4F84AD}.Release|x86.Build.0 = Release|Any CPU
		{5C8EC3A6-AD19-4F8D-8883-65453D4F84AD}.Release|x64.ActiveCfg = Release|Any CPU
		{5C8EC3A6-AD19-4F8D-8883-65453D4F84AD}.Release|x64.Build.0 = Release|Any CPU
	EndGlobalSection
	GlobalSection(SolutionProperties) = preSolution
		HideSolutionNode = FALSE
	EndGlobalSection
	GlobalSection(ExtensibilityGlobals) = postSolution
		SolutionGuid = {7F14D5A8-A115-4588-A99E-0DFE804889B6}
	EndGlobalSection
EndGlobal
